
Microsoft Visual Studio Solution File, Format Version 12.00
# Visual Studio 2017
Project("{FAE04EC0-301F-11D3-BF4B-00C04F79EFBC}") = "ArcadeHoops", "ArcadeHoops.csproj", "{50A267FE-8BD9-F947-27BB-89B2BBF6A05C}"
EndProject
Project("{FAE04EC0-301F-11D3-BF4B-00C04F79EFBC}") = "ArcadeHoops.Editor", "ArcadeHoops.Editor.csproj", "{9DFC3758-16C5-1A45-887D-9E7FF24A39FF}"
EndProject
Global
	GlobalSection(SolutionConfigurationPlatforms) = preSolution
		Debug|Any CPU = Debug|Any CPU
		Release|Any CPU = Release|Any CPU
	EndGlobalSection
	GlobalSection(ProjectConfigurationPlatforms) = postSolution
		{50A267FE-8BD9-F947-27BB-89B2BBF6A05C}.Debug|Any CPU.ActiveCfg = Debug|Any CPU
		{50A267FE-8BD9-F947-27BB-89B2BBF6A05C}.Debug|Any CPU.Build.0 = Debug|Any CPU
		{50A267FE-8BD9-F947-27BB-89B2BBF6A05C}.Release|Any CPU.ActiveCfg = Release|Any CPU
		{50A267FE-8BD9-F947-27BB-89B2BBF6A05C}.Release|Any CPU.Build.0 = Release|Any CPU
		{9DFC3758-16C5-1A45-887D-9E7FF24A39FF}.Debug|Any CPU.ActiveCfg = Debug|Any CPU
		{9DFC3758-16C5-1A45-887D-9E7FF24A39FF}.Debug|Any CPU.Build.0 = Debug|Any CPU
		{9DFC3758-16C5-1A45-887D-9E7FF24A39FF}.Release|Any CPU.ActiveCfg = Release|Any CPU
		{9DFC3758-16C5-1A45-887D-9E7FF24A39FF}.Release|Any CPU.Build.0 = Release|Any CPU
	EndGlobalSection
	GlobalSection(SolutionProperties) = preSolution
		HideSolutionNode = FALSE
	EndGlobalSection
EndGlobal
